{
  "name": "pata_website_deploy",
  "lockfileVersion": 3,
  "requires": true,
  "packages": {
    "": {
      "dependencies": {
        "@qwik.dev/partytown": "^0.11.0"
      }
    },
    "node_modules/@qwik.dev/partytown": {
      "version": "0.11.2",
      "license": "MIT",
      "dependencies": {
        "dotenv": "^16.4.7"
      },
      "bin": {
        "partytown": "bin/partytown.cjs"
      },
      "engines": {
        "node": ">=18.0.0"
      }
    },
    "node_modules/dotenv": {
      "version": "16.6.1",
      "license": "BSD-2-Clause",
      "engines": {
        "node": ">=12"
      },
      "funding": {
        "url": "https://dotenvx.com"
      }
    }
  }
}
